
Microsoft Visual Studio Solution File, Format Version 12.00
# Visual Studio Version 17
VisualStudioVersion = 17.0.31919.166
MinimumVisualStudioVersion = 10.0.40219.1
Project("{FAE04EC0-301F-11D3-BF4B-00C04F79EFBC}") = "patik-cSharp-odev-2", "patik-cSharp-odev-2\patik-cSharp-odev-2.csproj", "{42912144-333C-402B-8C1B-2E4E48EF4DA4}"
EndProject
Global
	GlobalSection(SolutionConfigurationPlatforms) = preSolution
		Debug|Any CPU = Debug|Any CPU
		Release|Any CPU = Release|Any CPU
	EndGlobalSection
	GlobalSection(ProjectConfigurationPlatforms) = postSolution
		{42912144-333C-402B-8C1B-2E4E48EF4DA4}.Debug|Any CPU.ActiveCfg = Debug|Any CPU
		{42912144-333C-402B-8C1B-2E4E48EF4DA4}.Debug|Any CPU.Build.0 = Debug|Any CPU
		{42912144-333C-402B-8C1B-2E4E48EF4DA4}.Release|Any CPU.ActiveCfg = Release|Any CPU
		{42912144-333C-402B-8C1B-2E4E48EF4DA4}.Release|Any CPU.Build.0 = Release|Any CPU
	EndGlobalSection
	GlobalSection(SolutionProperties) = preSolution
		HideSolutionNode = FALSE
	EndGlobalSection
	GlobalSection(ExtensibilityGlobals) = postSolution
		SolutionGuid = {E4F3C7C3-F6BF-4C57-A574-007FF4341B28}
	EndGlobalSection
EndGlobal
